// !$*UTF8*$!
{
	archiveVersion = 1;
	classes = {
	};
	objectVersion = 50;
	objects = {

/* Begin PBXBuildFile section */
		F4EB0722254B09B2005B4192 /* AppDelegate.swift in Sources */ = {isa = PBXBuildFile; fileRef = F4EB0721254B09B2005B4192 /* AppDelegate.swift */; };
		F4EB0724254B09B2005B4192 /* SceneDelegate.swift in Sources */ = {isa = PBXBuildFile; fileRef = F4EB0723254B09B2005B4192 /* SceneDelegate.swift */; };
		F4EB0726254B09B2005B4192 /* ViewController.swift in Sources */ = {isa = PBXBuildFile; fileRef = F4EB0725254B09B2005B4192 /* ViewController.swift */; };
		F4EB0729254B09B2005B4192 /* Main.storyboard in Resources */ = {isa = PBXBuildFile; fileRef = F4EB0727254B09B2005B4192 /* Main.storyboard */; };
		F4EB072B254B09B5005B4192 /* Assets.xcassets in Resources */ = {isa = PBXBuildFile; fileRef = F4EB072A254B09B5005B4192 /* Assets.xcassets */; };
		F4EB072E254B09B5005B4192 /* LaunchScreen.storyboard in Resources */ = {isa = PBXBuildFile; fileRef = F4EB072C254B09B5005B4192 /* LaunchScreen.storyboard */; };
		F4EB0739254B09B5005B4192 /* BaiTapVeNhaBuoi4_2Tests.swift in Sources */ = {isa = PBXBuildFile; fileRef = F4EB0738254B09B5005B4192 /* BaiTapVeNhaBuoi4_2Tests.swift */; };
		F4EB0744254B09B5005B4192 /* BaiTapVeNhaBuoi4_2UITests.swift in Sources */ = {isa = PBXBuildFile; fileRef = F4EB0743254B09B5005B4192 /* BaiTapVeNhaBuoi4_2UITests.swift */; };
		F4EB0758254B3FA5005B4192 /* ViewController2.swift in Sources */ = {isa = PBXBuildFile; fileRef = F4EB0757254B3FA5005B4192 /* ViewController2.swift */; };
/* End PBXBuildFile section */

/* Begin PBXContainerItemProxy section */
		F4EB0735254B09B5005B4192 /* PBXContainerItemProxy */ = {
			isa = PBXContainerItemProxy;
			containerPortal = F4EB0716254B09B2005B4192 /* Project object */;
			proxyType = 1;
			remoteGlobalIDString = F4EB071D254B09B2005B4192;
			remoteInfo = BaiTapVeNhaBuoi4.2;
		};
		F4EB0740254B09B5005B4192 /* PBXContainerItemProxy */ = {
			isa = PBXContainerItemProxy;
			containerPortal = F4EB0716254B09B2005B4192 /* Project object */;
			proxyType = 1;
			remoteGlobalIDString = F4EB071D254B09B2005B4192;
			remoteInfo = BaiTapVeNhaBuoi4.2;
		};
/* End PBXContainerItemProxy section */

/* Begin PBXFileReference section */
		F4EB071E254B09B2005B4192 /* BaiTapVeNhaBuoi4.2.app */ = {isa = PBXFileReference; explicitFileType = wrapper.application; includeInIndex = 0; path = BaiTapVeNhaBuoi4.2.app; sourceTree = BUILT_PRODUCTS_DIR; };
		F4EB0721254B09B2005B4192 /* AppDelegate.swift */ = {isa = PBXFileReference; lastKnownFileType = sourcecode.swift; path = AppDelegate.swift; sourceTree = "<group>"; };
		F4EB0723254B09B2005B4192 /* SceneDelegate.swift */ = {isa = PBXFileReference; lastKnownFileType = sourcecode.swift; path = SceneDelegate.swift; sourceTree = "<group>"; };
		F4EB0725254B09B2005B4192 /* ViewController.swift */ = {isa = PBXFileReference; lastKnownFileType = sourcecode.swift; path = ViewController.swift; sourceTree = "<group>"; };
		F4EB0728254B09B2005B4192 /* Base */ = {isa = PBXFileReference; lastKnownFileType = file.storyboard; name = Base; path = Base.lproj/Main.storyboard; sourceTree = "<group>"; };
		F4EB072A254B09B5005B4192 /* Assets.xcassets */ = {isa = PBXFileReference; lastKnownFileType = folder.assetcatalog; path = Assets.xcassets; sourceTree = "<group>"; };
		F4EB072D254B09B5005B4192 /* Base */ = {isa = PBXFileReference; lastKnownFileType = file.storyboard; name = Base; path = Base.lproj/LaunchScreen.storyboard; sourceTree = "<group>"; };
		F4EB072F254B09B5005B4192 /* Info.plist */ = {isa = PBXFileReference; lastKnownFileType = text.plist.xml; path = Info.plist; sourceTree = "<group>"; };
		F4EB0734254B09B5005B4192 /* BaiTapVeNhaBuoi4.2Tests.xctest */ = {isa = PBXFileReference; explicitFileType = wrapper.cfbundle; includeInIndex = 0; path = BaiTapVeNhaBuoi4.2Tests.xctest; sourceTree = BUILT_PRODUCTS_DIR; };
		F4EB0738254B09B5005B4192 /* BaiTapVeNhaBuoi4_2Tests.swift */ = {isa = PBXFileReference; lastKnownFileType = sourcecode.swift; path = BaiTapVeNhaBuoi4_2Tests.swift; sourceTree = "<group>"; };
		F4EB073A254B09B5005B4192 /* Info.plist */ = {isa = PBXFileReference; lastKnownFileType = text.plist.xml; path = Info.plist; sourceTree = "<group>"; };
		F4EB073F254B09B5005B4192 /* BaiTapVeNhaBuoi4.2UITests.xctest */ = {isa = PBXFileReference; explicitFileType = wrapper.cfbundle; includeInIndex = 0; path = BaiTapVeNhaBuoi4.2UITests.xctest; sourceTree = BUILT_PRODUCTS_DIR; };
		F4EB0743254B09B5005B4192 /* BaiTapVeNhaBuoi4_2UITests.swift */ = {isa = PBXFileReference; lastKnownFileType = sourcecode.swift; path = BaiTapVeNhaBuoi4_2UITests.swift; sourceTree = "<group>"; };
		F4EB0745254B09B5005B4192 /* Info.plist */ = {isa = PBXFileReference; lastKnownFileType = text.plist.xml; path = Info.plist; sourceTree = "<group>"; };
		F4EB0757254B3FA5005B4192 /* ViewController2.swift */ = {isa = PBXFileReference; lastKnownFileType = sourcecode.swift; path = ViewController2.swift; sourceTree = "<group>"; };
		F4EB075F254B480E005B4192 /* README4.3.md */ = {isa = PBXFileReference; lastKnownFileType = net.daringfireball.markdown; path = README4.3.md; sourceTree = "<group>"; };
/* End PBXFileReference section */

/* Begin PBXFrameworksBuildPhase section */
		F4EB071B254B09B2005B4192 /* Frameworks */ = {
			isa = PBXFrameworksBuildPhase;
			buildActionMask = 2147483647;
			files = (
			);
			runOnlyForDeploymentPostprocessing = 0;
		};
		F4EB0731254B09B5005B4192 /* Frameworks */ = {
			isa = PBXFrameworksBuildPhase;
			buildActionMask = 2147483647;
			files = (
			);
			runOnlyForDeploymentPostprocessing = 0;
		};
		F4EB073C254B09B5005B4192 /* Frameworks */ = {
			isa = PBXFrameworksBuildPhase;
			buildActionMask = 2147483647;
			files = (
			);
			runOnlyForDeploymentPostprocessing = 0;
		};
/* End PBXFrameworksBuildPhase section */

/* Begin PBXGroup section */
		F4EB0715254B09B2005B4192 = {
			isa = PBXGroup;
			children = (
				F4EB075F254B480E005B4192 /* README4.3.md */,
				F4EB0720254B09B2005B4192 /* BaiTapVeNhaBuoi4.2 */,
				F4EB0737254B09B5005B4192 /* BaiTapVeNhaBuoi4.2Tests */,
				F4EB0742254B09B5005B4192 /* BaiTapVeNhaBuoi4.2UITests */,
				F4EB071F254B09B2005B4192 /* Products */,
			);
			sourceTree = "<group>";
		};
		F4EB071F254B09B2005B4192 /* Products */ = {
			isa = PBXGroup;
			children = (
				F4EB071E254B09B2005B4192 /* BaiTapVeNhaBuoi4.2.app */,
				F4EB0734254B09B5005B4192 /* BaiTapVeNhaBuoi4.2Tests.xctest */,
				F4EB073F254B09B5005B4192 /* BaiTapVeNhaBuoi4.2UITests.xctest */,
			);
			name = Products;
			sourceTree = "<group>";
		};
		F4EB0720254B09B2005B4192 /* BaiTapVeNhaBuoi4.2 */ = {
			isa = PBXGroup;
			children = (
				F4EB0721254B09B2005B4192 /* AppDelegate.swift */,
				F4EB0723254B09B2005B4192 /* SceneDelegate.swift */,
				F4EB0725254B09B2005B4192 /* ViewController.swift */,
				F4EB0757254B3FA5005B4192 /* ViewController2.swift */,
				F4EB0727254B09B2005B4192 /* Main.storyboard */,
				F4EB072A254B09B5005B4192 /* Assets.xcassets */,
				F4EB072C254B09B5005B4192 /* LaunchScreen.storyboard */,
				F4EB072F254B09B5005B4192 /* Info.plist */,
			);
			path = BaiTapVeNhaBuoi4.2;
			sourceTree = "<group>";
		};
		F4EB0737254B09B5005B4192 /* BaiTapVeNhaBuoi4.2Tests */ = {
			isa = PBXGroup;
			children = (
				F4EB0738254B09B5005B4192 /* BaiTapVeNhaBuoi4_2Tests.swift */,
				F4EB073A254B09B5005B4192 /* Info.plist */,
			);
			path = BaiTapVeNhaBuoi4.2Tests;
			sourceTree = "<group>";
		};
		F4EB0742254B09B5005B4192 /* BaiTapVeNhaBuoi4.2UITests */ = {
			isa = PBXGroup;
			children = (
				F4EB0743254B09B5005B4192 /* BaiTapVeNhaBuoi4_2UITests.swift */,
				F4EB0745254B09B5005B4192 /* Info.plist */,
			);
			path = BaiTapVeNhaBuoi4.2UITests;
			sourceTree = "<group>";
		};
/* End PBXGroup section */

/* Begin PBXNativeTarget section */
		F4EB071D254B09B2005B4192 /* BaiTapVeNhaBuoi4.2 */ = {
			isa = PBXNativeTarget;
			buildConfigurationList = F4EB0748254B09B5005B4192 /* Build configuration list for PBXNativeTarget "BaiTapVeNhaBuoi4.2" */;
			buildPhases = (
				F4EB071A254B09B2005B4192 /* Sources */,
				F4EB071B254B09B2005B4192 /* Frameworks */,
				F4EB071C254B09B2005B4192 /* Resources */,
			);
			buildRules = (
			);
			dependencies = (
			);
			name = BaiTapVeNhaBuoi4.2;
			productName = BaiTapVeNhaBuoi4.2;
			productReference = F4EB071E254B09B2005B4192 /* BaiTapVeNhaBuoi4.2.app */;
			productType = "com.apple.product-type.application";
		};
		F4EB0733254B09B5005B4192 /* BaiTapVeNhaBuoi4.2Tests */ = {
			isa = PBXNativeTarget;
			buildConfigurationList = F4EB074B254B09B5005B4192 /* Build configuration list for PBXNativeTarget "BaiTapVeNhaBuoi4.2Tests" */;
			buildPhases = (
				F4EB0730254B09B5005B4192 /* Sources */,
				F4EB0731254B09B5005B4192 /* Frameworks */,
				F4EB0732254B09B5005B4192 /* Resources */,
			);
			buildRules = (
			);
			dependencies = (
				F4EB0736254B09B5005B4192 /* PBXTargetDependency */,
			);
			name = BaiTapVeNhaBuoi4.2Tests;
			productName = BaiTapVeNhaBuoi4.2Tests;
			productReference = F4EB0734254B09B5005B4192 /* BaiTapVeNhaBuoi4.2Tests.xctest */;
			productType = "com.apple.product-type.bundle.unit-test";
		};
		F4EB073E254B09B5005B4192 /* BaiTapVeNhaBuoi4.2UITests */ = {
			isa = PBXNativeTarget;
			buildConfigurationList = F4EB074E254B09B5005B4192 /* Build configuration list for PBXNativeTarget "BaiTapVeNhaBuoi4.2UITests" */;
			buildPhases = (
				F4EB073B254B09B5005B4192 /* Sources */,
				F4EB073C254B09B5005B4192 /* Frameworks */,
				F4EB073D254B09B5005B4192 /* Resources */,
			);
			buildRules = (
			);
			dependencies = (
				F4EB0741254B09B5005B4192 /* PBXTargetDependency */,
			);
			name = BaiTapVeNhaBuoi4.2UITests;
			productName = BaiTapVeNhaBuoi4.2UITests;
			productReference = F4EB073F254B09B5005B4192 /* BaiTapVeNhaBuoi4.2UITests.xctest */;
			productType = "com.apple.product-type.bundle.ui-testing";
		};
/* End PBXNativeTarget section */

/* Begin PBXProject section */
		F4EB0716254B09B2005B4192 /* Project object */ = {
			isa = PBXProject;
			attributes = {
				LastSwiftUpdateCheck = 1210;
				LastUpgradeCheck = 1210;
				TargetAttributes = {
					F4EB071D254B09B2005B4192 = {
						CreatedOnToolsVersion = 12.1;
					};
					F4EB0733254B09B5005B4192 = {
						CreatedOnToolsVersion = 12.1;
						TestTargetID = F4EB071D254B09B2005B4192;
					};
					F4EB073E254B09B5005B4192 = {
						CreatedOnToolsVersion = 12.1;
						TestTargetID = F4EB071D254B09B2005B4192;
					};
				};
			};
			buildConfigurationList = F4EB0719254B09B2005B4192 /* Build configuration list for PBXProject "BaiTapVeNhaBuoi4.2" */;
			compatibilityVersion = "Xcode 9.3";
			developmentRegion = en;
			hasScannedForEncodings = 0;
			knownRegions = (
				en,
				Base,
			);
			mainGroup = F4EB0715254B09B2005B4192;
			productRefGroup = F4EB071F254B09B2005B4192 /* Products */;
			projectDirPath = "";
			projectRoot = "";
			targets = (
				F4EB071D254B09B2005B4192 /* BaiTapVeNhaBuoi4.2 */,
				F4EB0733254B09B5005B4192 /* BaiTapVeNhaBuoi4.2Tests */,
				F4EB073E254B09B5005B4192 /* BaiTapVeNhaBuoi4.2UITests */,
			);
		};
/* End PBXProject section */

/* Begin PBXResourcesBuildPhase section */
		F4EB071C254B09B2005B4192 /* Resources */ = {
			isa = PBXResourcesBuildPhase;
			buildActionMask = 2147483647;
			files = (
				F4EB072E254B09B5005B4192 /* LaunchScreen.storyboard in Resources */,
				F4EB072B254B09B5005B4192 /* Assets.xcassets in Resources */,
				F4EB0729254B09B2005B4192 /* Main.storyboard in Resources */,
			);
			runOnlyForDeploymentPostprocessing = 0;
		};
		F4EB0732254B09B5005B4192 /* Resources */ = {
			isa = PBXResourcesBuildPhase;
			buildActionMask = 2147483647;
			files = (
			);
			runOnlyForDeploymentPostprocessing = 0;
		};
		F4EB073D254B09B5005B4192 /* Resources */ = {
			isa = PBXResourcesBuildPhase;
			buildActionMask = 2147483647;
			files = (
			);
			runOnlyForDeploymentPostprocessing = 0;
		};
/* End PBXResourcesBuildPhase section */

/* Begin PBXSourcesBuildPhase section */
		F4EB071A254B09B2005B4192 /* Sources */ = {
			isa = PBXSourcesBuildPhase;
			buildActionMask = 2147483647;
			files = (
				F4EB0726254B09B2005B4192 /* ViewController.swift in Sources */,
				F4EB0758254B3FA5005B4192 /* ViewController2.swift in Sources */,
				F4EB0722254B09B2005B4192 /* AppDelegate.swift in Sources */,
				F4EB0724254B09B2005B4192 /* SceneDelegate.swift in Sources */,
			);
			runOnlyForDeploymentPostprocessing = 0;
		};
		F4EB0730254B09B5005B4192 /* Sources */ = {
			isa = PBXSourcesBuildPhase;
			buildActionMask = 2147483647;
			files = (
				F4EB0739254B09B5005B4192 /* BaiTapVeNhaBuoi4_2Tests.swift in Sources */,
			);
			runOnlyForDeploymentPostprocessing = 0;
		};
		F4EB073B254B09B5005B4192 /* Sources */ = {
			isa = PBXSourcesBuildPhase;
			buildActionMask = 2147483647;
			files = (
				F4EB0744254B09B5005B4192 /* BaiTapVeNhaBuoi4_2UITests.swift in Sources */,
			);
			runOnlyForDeploymentPostprocessing = 0;
		};
/* End PBXSourcesBuildPhase section */

/* Begin PBXTargetDependency section */
		F4EB0736254B09B5005B4192 /* PBXTargetDependency */ = {
			isa = PBXTargetDependency;
			target = F4EB071D254B09B2005B4192 /* BaiTapVeNhaBuoi4.2 */;
			targetProxy = F4EB0735254B09B5005B4192 /* PBXContainerItemProxy */;
		};
		F4EB0741254B09B5005B4192 /* PBXTargetDependency */ = {
			isa = PBXTargetDependency;
			target = F4EB071D254B09B2005B4192 /* BaiTapVeNhaBuoi4.2 */;
			targetProxy = F4EB0740254B09B5005B4192 /* PBXContainerItemProxy */;
		};
/* End PBXTargetDependency section */

/* Begin PBXVariantGroup section */
		F4EB0727254B09B2005B4192 /* Main.storyboard */ = {
			isa = PBXVariantGroup;
			children = (
				F4EB0728254B09B2005B4192 /* Base */,
			);
			name = Main.storyboard;
			sourceTree = "<group>";
		};
		F4EB072C254B09B5005B4192 /* LaunchScreen.storyboard */ = {
			isa = PBXVariantGroup;
			children = (
				F4EB072D254B09B5005B4192 /* Base */,
			);
			name = LaunchScreen.storyboard;
			sourceTree = "<group>";
		};
/* End PBXVariantGroup section */

/* Begin XCBuildConfiguration section */
		F4EB0746254B09B5005B4192 /* Debug */ = {
			isa = XCBuildConfiguration;
			buildSettings = {
				ALWAYS_SEARCH_USER_PATHS = NO;
				CLANG_ANALYZER_NONNULL = YES;
				CLANG_ANALYZER_NUMBER_OBJECT_CONVERSION = YES_AGGRESSIVE;
				CLANG_CXX_LANGUAGE_STANDARD = "gnu++14";
				CLANG_CXX_LIBRARY = "libc++";
				CLANG_ENABLE_MODULES = YES;
				CLANG_ENABLE_OBJC_ARC = YES;
				CLANG_ENABLE_OBJC_WEAK = YES;
				CLANG_WARN_BLOCK_CAPTURE_AUTORELEASING = YES;
				CLANG_WARN_BOOL_CONVERSION = YES;
				CLANG_WARN_COMMA = YES;
				CLANG_WARN_CONSTANT_CONVERSION = YES;
				CLANG_WARN_DEPRECATED_OBJC_IMPLEMENTATIONS = YES;
				CLANG_WARN_DIRECT_OBJC_ISA_USAGE = YES_ERROR;
				CLANG_WARN_DOCUMENTATION_COMMENTS = YES;
				CLANG_WARN_EMPTY_BODY = YES;
				CLANG_WARN_ENUM_CONVERSION = YES;
				CLANG_WARN_INFINITE_RECURSION = YES;
				CLANG_WARN_INT_CONVERSION = YES;
				CLANG_WARN_NON_LITERAL_NULL_CONVERSION = YES;
				CLANG_WARN_OBJC_IMPLICIT_RETAIN_SELF = YES;
				CLANG_WARN_OBJC_LITERAL_CONVERSION = YES;
				CLANG_WARN_OBJC_ROOT_CLASS = YES_ERROR;
				CLANG_WARN_QUOTED_INCLUDE_IN_FRAMEWORK_HEADER = YES;
				CLANG_WARN_RANGE_LOOP_ANALYSIS = YES;
				CLANG_WARN_STRICT_PROTOTYPES = YES;
				CLANG_WARN_SUSPICIOUS_MOVE = YES;
				CLANG_WARN_UNGUARDED_AVAILABILITY = YES_AGGRESSIVE;
				CLANG_WARN_UNREACHABLE_CODE = YES;
				CLANG_WARN__DUPLICATE_METHOD_MATCH = YES;
				COPY_PHASE_STRIP = NO;
				DEBUG_INFORMATION_FORMAT = dwarf;
				ENABLE_STRICT_OBJC_MSGSEND = YES;
				ENABLE_TESTABILITY = YES;
				GCC_C_LANGUAGE_STANDARD = gnu11;
				GCC_DYNAMIC_NO_PIC = NO;
				GCC_NO_COMMON_BLOCKS = YES;
				GCC_OPTIMIZATION_LEVEL = 0;
				GCC_PREPROCESSOR_DEFINITIONS = (
					"DEBUG=1",
					"$(inherited)",
				);
				GCC_WARN_64_TO_32_BIT_CONVERSION = YES;
				GCC_WARN_ABOUT_RETURN_TYPE = YES_ERROR;
				GCC_WARN_UNDECLARED_SELECTOR = YES;
				GCC_WARN_UNINITIALIZED_AUTOS = YES_AGGRESSIVE;
				GCC_WARN_UNUSED_FUNCTION = YES;
				GCC_WARN_UNUSED_VARIABLE = YES;
				IPHONEOS_DEPLOYMENT_TARGET = 14.1;
				MTL_ENABLE_DEBUG_INFO = INCLUDE_SOURCE;
				MTL_FAST_MATH = YES;
				ONLY_ACTIVE_ARCH = YES;
				SDKROOT = iphoneos;
				SWIFT_ACTIVE_COMPILATION_CONDITIONS = DEBUG;
				SWIFT_OPTIMIZATION_LEVEL = "-Onone";
			};
			name = Debug;
		};
		F4EB0747254B09B5005B4192 /* Release */ = {
			isa = XCBuildConfiguration;
			buildSettings = {
				ALWAYS_SEARCH_USER_PATHS = NO;
				CLANG_ANALYZER_NONNULL = YES;
				CLANG_ANALYZER_NUMBER_OBJECT_CONVERSION = YES_AGGRESSIVE;
				CLANG_CXX_LANGUAGE_STANDARD = "gnu++14";
				CLANG_CXX_LIBRARY = "libc++";
				CLANG_ENABLE_MODULES = YES;
				CLANG_ENABLE_OBJC_ARC = YES;
				CLANG_ENABLE_OBJC_WEAK = YES;
				CLANG_WARN_BLOCK_CAPTURE_AUTORELEASING = YES;
				CLANG_WARN_BOOL_CONVERSION = YES;
				CLANG_WARN_COMMA = YES;
				CLANG_WARN_CONSTANT_CONVERSION = YES;
				CLANG_WARN_DEPRECATED_OBJC_IMPLEMENTATIONS = YES;
				CLANG_WARN_DIRECT_OBJC_ISA_USAGE = YES_ERROR;
				CLANG_WARN_DOCUMENTATION_COMMENTS = YES;
				CLANG_WARN_EMPTY_BODY = YES;
				CLANG_WARN_ENUM_CONVERSION = YES;
				CLANG_WARN_INFINITE_RECURSION = YES;
				CLANG_WARN_INT_CONVERSION = YES;
				CLANG_WARN_NON_LITERAL_NULL_CONVERSION = YES;
				CLANG_WARN_OBJC_IMPLICIT_RETAIN_SELF = YES;
				CLANG_WARN_OBJC_LITERAL_CONVERSION = YES;
				CLANG_WARN_OBJC_ROOT_CLASS = YES_ERROR;
				CLANG_WARN_QUOTED_INCLUDE_IN_FRAMEWORK_HEADER = YES;
				CLANG_WARN_RANGE_LOOP_ANALYSIS = YES;
				CLANG_WARN_STRICT_PROTOTYPES = YES;
				CLANG_WARN_SUSPICIOUS_MOVE = YES;
				CLANG_WARN_UNGUARDED_AVAILABILITY = YES_AGGRESSIVE;
				CLANG_WARN_UNREACHABLE_CODE = YES;
				CLANG_WARN__DUPLICATE_METHOD_MATCH = YES;
				COPY_PHASE_STRIP = NO;
				DEBUG_INFORMATION_FORMAT = "dwarf-with-dsym";
				ENABLE_NS_ASSERTIONS = NO;
				ENABLE_STRICT_OBJC_MSGSEND = YES;
				GCC_C_LANGUAGE_STANDARD = gnu11;
				GCC_NO_COMMON_BLOCKS = YES;
				GCC_WARN_64_TO_32_BIT_CONVERSION = YES;
				GCC_WARN_ABOUT_RETURN_TYPE = YES_ERROR;
				GCC_WARN_UNDECLARED_SELECTOR = YES;
				GCC_WARN_UNINITIALIZED_AUTOS = YES_AGGRESSIVE;
				GCC_WARN_UNUSED_FUNCTION = YES;
				GCC_WARN_UNUSED_VARIABLE = YES;
				IPHONEOS_DEPLOYMENT_TARGET = 14.1;
				MTL_ENABLE_DEBUG_INFO = NO;
				MTL_FAST_MATH = YES;
				SDKROOT = iphoneos;
				SWIFT_COMPILATION_MODE = wholemodule;
				SWIFT_OPTIMIZATION_LEVEL = "-O";
				VALIDATE_PRODUCT = YES;
			};
			name = Release;
		};
		F4EB0749254B09B5005B4192 /* Debug */ = {
			isa = XCBuildConfiguration;
			buildSettings = {
				ASSETCATALOG_COMPILER_APPICON_NAME = AppIcon;
				ASSETCATALOG_COMPILER_GLOBAL_ACCENT_COLOR_NAME = AccentColor;
				CODE_SIGN_STYLE = Automatic;
				INFOPLIST_FILE = BaiTapVeNhaBuoi4.2/Info.plist;
				LD_RUNPATH_SEARCH_PATHS = (
					"$(inherited)",
					"@executable_path/Frameworks",
				);
				PRODUCT_BUNDLE_IDENTIFIER = "cong.jsc.BaiTapVeNhaBuoi4-2";
				PRODUCT_NAME = "$(TARGET_NAME)";
				SWIFT_VERSION = 5.0;
				TARGETED_DEVICE_FAMILY = "1,2";
			};
			name = Debug;
		};
		F4EB074A254B09B5005B4192 /* Release */ = {
			isa = XCBuildConfiguration;
			buildSettings = {
				ASSETCATALOG_COMPILER_APPICON_NAME = AppIcon;
				ASSETCATALOG_COMPILER_GLOBAL_ACCENT_COLOR_NAME = AccentColor;
				CODE_SIGN_STYLE = Automatic;
				INFOPLIST_FILE = BaiTapVeNhaBuoi4.2/Info.plist;
				LD_RUNPATH_SEARCH_PATHS = (
					"$(inherited)",
					"@executable_path/Frameworks",
				);
				PRODUCT_BUNDLE_IDENTIFIER = "cong.jsc.BaiTapVeNhaBuoi4-2";
				PRODUCT_NAME = "$(TARGET_NAME)";
				SWIFT_VERSION = 5.0;
				TARGETED_DEVICE_FAMILY = "1,2";
			};
			name = Release;
		};
		F4EB074C254B09B5005B4192 /* Debug */ = {
			isa = XCBuildConfiguration;
			buildSettings = {
				ALWAYS_EMBED_SWIFT_STANDARD_LIBRARIES = YES;
				BUNDLE_LOADER = "$(TEST_HOST)";
				CODE_SIGN_STYLE = Automatic;
				INFOPLIST_FILE = BaiTapVeNhaBuoi4.2Tests/Info.plist;
				IPHONEOS_DEPLOYMENT_TARGET = 14.1;
				LD_RUNPATH_SEARCH_PATHS = (
					"$(inherited)",
					"@executable_path/Frameworks",
					"@loader_path/Frameworks",
				);
				PRODUCT_BUNDLE_IDENTIFIER = "cong.jsc.BaiTapVeNhaBuoi4-2Tests";
				PRODUCT_NAME = "$(TARGET_NAME)";
				SWIFT_VERSION = 5.0;
				TARGETED_DEVICE_FAMILY = "1,2";
				TEST_HOST = "$(BUILT_PRODUCTS_DIR)/BaiTapVeNhaBuoi4.2.app/BaiTapVeNhaBuoi4.2";
			};
			name = Debug;
		};
		F4EB074D254B09B5005B4192 /* Release */ = {
			isa = XCBuildConfiguration;
			buildSettings = {
				ALWAYS_EMBED_SWIFT_STANDARD_LIBRARIES = YES;
				BUNDLE_LOADER = "$(TEST_HOST)";
				CODE_SIGN_STYLE = Automatic;
				INFOPLIST_FILE = BaiTapVeNhaBuoi4.2Tests/Info.plist;
				IPHONEOS_DEPLOYMENT_TARGET = 14.1;
				LD_RUNPATH_SEARCH_PATHS = (
					"$(inherited)",
					"@executable_path/Frameworks",
					"@loader_path/Frameworks",
				);
				PRODUCT_BUNDLE_IDENTIFIER = "cong.jsc.BaiTapVeNhaBuoi4-2Tests";
				PRODUCT_NAME = "$(TARGET_NAME)";
				SWIFT_VERSION = 5.0;
				TARGETED_DEVICE_FAMILY = "1,2";
				TEST_HOST = "$(BUILT_PRODUCTS_DIR)/BaiTapVeNhaBuoi4.2.app/BaiTapVeNhaBuoi4.2";
			};
			name = Release;
		};
		F4EB074F254B09B5005B4192 /* Debug */ = {
			isa = XCBuildConfiguration;
			buildSettings = {
				ALWAYS_EMBED_SWIFT_STANDARD_LIBRARIES = YES;
				CODE_SIGN_STYLE = Automatic;
				INFOPLIST_FILE = BaiTapVeNhaBuoi4.2UITests/Info.plist;
				LD_RUNPATH_SEARCH_PATHS = (
					"$(inherited)",
					"@executable_path/Frameworks",
					"@loader_path/Frameworks",
				);
				PRODUCT_BUNDLE_IDENTIFIER = "cong.jsc.BaiTapVeNhaBuoi4-2UITests";
				PRODUCT_NAME = "$(TARGET_NAME)";
				SWIFT_VERSION = 5.0;
				TARGETED_DEVICE_FAMILY = "1,2";
				TEST_TARGET_NAME = BaiTapVeNhaBuoi4.2;
			};
			name = Debug;
		};
		F4EB0750254B09B5005B4192 /* Release */ = {
			isa = XCBuildConfiguration;
			buildSettings = {
				ALWAYS_EMBED_SWIFT_STANDARD_LIBRARIES = YES;
				CODE_SIGN_STYLE = Automatic;
				INFOPLIST_FILE = BaiTapVeNhaBuoi4.2UITests/Info.plist;
				LD_RUNPATH_SEARCH_PATHS = (
					"$(inherited)",
					"@executable_path/Frameworks",
					"@loader_path/Frameworks",
				);
				PRODUCT_BUNDLE_IDENTIFIER = "cong.jsc.BaiTapVeNhaBuoi4-2UITests";
				PRODUCT_NAME = "$(TARGET_NAME)";
				SWIFT_VERSION = 5.0;
				TARGETED_DEVICE_FAMILY = "1,2";
				TEST_TARGET_NAME = BaiTapVeNhaBuoi4.2;
			};
			name = Release;
		};
/* End XCBuildConfiguration section */

/* Begin XCConfigurationList section */
		F4EB0719254B09B2005B4192 /* Build configuration list for PBXProject "BaiTapVeNhaBuoi4.2" */ = {
			isa = XCConfigurationList;
			buildConfigurations = (
				F4EB0746254B09B5005B4192 /* Debug */,
				F4EB0747254B09B5005B4192 /* Release */,
			);
			defaultConfigurationIsVisible = 0;
			defaultConfigurationName = Release;
		};
		F4EB0748254B09B5005B4192 /* Build configuration list for PBXNativeTarget "BaiTapVeNhaBuoi4.2" */ = {
			isa = XCConfigurationList;
			buildConfigurations = (
				F4EB0749254B09B5005B4192 /* Debug */,
				F4EB074A254B09B5005B4192 /* Release */,
			);
			defaultConfigurationIsVisible = 0;
			defaultConfigurationName = Release;
		};
		F4EB074B254B09B5005B4192 /* Build configuration list for PBXNativeTarget "BaiTapVeNhaBuoi4.2Tests" */ = {
			isa = XCConfigurationList;
			buildConfigurations = (
				F4EB074C254B09B5005B4192 /* Debug */,
				F4EB074D254B09B5005B4192 /* Release */,
			);
			defaultConfigurationIsVisible = 0;
			defaultConfigurationName = Release;
		};
		F4EB074E254B09B5005B4192 /* Build configuration list for PBXNativeTarget "BaiTapVeNhaBuoi4.2UITests" */ = {
			isa = XCConfigurationList;
			buildConfigurations = (
				F4EB074F254B09B5005B4192 /* Debug */,
				F4EB0750254B09B5005B4192 /* Release */,
			);
			defaultConfigurationIsVisible = 0;
			defaultConfigurationName = Release;
		};
/* End XCConfigurationList section */
	};
	rootObject = F4EB0716254B09B2005B4192 /* Project object */;
}
